PODS:
  - CanvasNative (0.0.1)

DEPENDENCIES:
  - CanvasNative (from `https://github.com/triniwiz/canvas-native-ios`)

EXTERNAL SOURCES:
  CanvasNative:
    :git: https://github.com/triniwiz/canvas-native-ios

CHECKOUT OPTIONS:
  CanvasNative:
    :commit: 532e55d295951924b454e1a1e3fe219a7bc439d7
    :git: https://github.com/triniwiz/canvas-native-ios

SPEC CHECKSUMS:
  CanvasNative: a1f19e1ef1815f93380be5ef722569e7bb0f5b87

PODFILE CHECKSUM: 06a03126fa537c7af3c6100d74a8afcfccee7c1e

COCOAPODS: 1.7.4
