PODS:
  - CanvasNative (0.0.1)

DEPENDENCIES:
  - CanvasNative (from `https://github.com/triniwiz/canvas-native-ios`)

EXTERNAL SOURCES:
  CanvasNative:
    :git: https://github.com/triniwiz/canvas-native-ios

CHECKOUT OPTIONS:
  CanvasNative:
    :commit: 9418f52295b70bb5c4b314c82ad1e676fd6ce2d5
    :git: https://github.com/triniwiz/canvas-native-ios

SPEC CHECKSUMS:
  CanvasNative: a1f19e1ef1815f93380be5ef722569e7bb0f5b87

PODFILE CHECKSUM: e39cdc863b13ba4434936a67ddf687e133ec5ba3

COCOAPODS: 1.7.5
